# This file is automatically @generated by Cargo.
# It is not intended for manual editing.
[[package]]
name = "algo-rust"
version = "0.1.0"
dependencies = [
 "bitvec",
]

[[package]]
name = "bitvec"
version = "0.17.2"
source = "registry+https://github.com/rust-lang/crates.io-index"
checksum = "1fe4300c1d7a9ea6f3e3f39c10b39862bb79e1175c0572b6b49539a30e5562f5"
dependencies = [
 "either",
 "radium",
]

[[package]]
name = "either"
version = "1.5.3"
source = "registry+https://github.com/rust-lang/crates.io-index"
checksum = "bb1f6b1ce1c140482ea30ddd3335fc0024ac7ee112895426e0a629a6c20adfe3"

[[package]]
name = "radium"
version = "0.3.0"
source = "registry+https://github.com/rust-lang/crates.io-index"
checksum = "def50a86306165861203e7f84ecffbbdfdea79f0e51039b33de1e952358c47ac"
